{
  "version": 4,
  "terraform_version": "1.4.4",
  "serial": 15,
  "lineage": "651f81aa-63f5-2ad0-a074-468abf9cba26",
  "outputs": {},
  "resources": [
    {
      "module": "module.create_image",
      "mode": "managed",
      "type": "docker_image",
      "name": "ubuntu",
      "provider": "module.create_image.provider[\"registry.terraform.io/kreuzwerker/docker\"]",
      "instances": [
        {
          "schema_version": 0,
          "attributes": {
            "build": [],
            "force_remove": null,
            "id": "sha256:9ed4aefc74f6792b5a804d1d146fe4b4a2299147b0f50eaf2b08435d7b38c27ealpine",
            "image_id": "sha256:9ed4aefc74f6792b5a804d1d146fe4b4a2299147b0f50eaf2b08435d7b38c27e",
            "keep_locally": null,
            "name": "alpine",
            "platform": null,
            "pull_triggers": null,
            "repo_digest": "alpine@sha256:124c7d2707904eea7431fffe91522a01e5a861a624ee31d03372cc1d138a3126",
            "triggers": null
          },
          "sensitive_attributes": [],
          "private": "bnVsbA=="
        }
      ]
    }
  ],
  "check_results": null
}
